
Microsoft Visual Studio Solution File, Format Version 12.00
Project("{FAE04EC0-301F-11D3-BF4B-00C04F79EFBC}") = "MultiTenant.Api", "MultiTenant.Api\MultiTenant.Api.csproj", "{81F4FD27-9E6D-4E5F-AF5A-A4919FDE6A69}"
EndProject
Project("{2150E333-8FDC-42A3-9474-1A3956D46DE8}") = "src", "src", "{A8B20B05-A581-46F6-8B29-B6D334EFE3CA}"
EndProject
Project("{FAE04EC0-301F-11D3-BF4B-00C04F79EFBC}") = "MultiTenant.Domain", "MultiTenant.Domain\MultiTenant.Domain.csproj", "{5003B889-09C6-4975-8F6A-D134F16F4B5D}"
EndProject
Project("{FAE04EC0-301F-11D3-BF4B-00C04F79EFBC}") = "MultiTenan.Application", "MultiTenan.Application\MultiTenan.Application.csproj", "{88E87CDF-08D1-465C-82CE-76406CC79F51}"
EndProject
Project("{2150E333-8FDC-42A3-9474-1A3956D46DE8}") = "Core", "Core", "{F23A46FE-F53D-4052-83C4-008EEC7FB766}"
EndProject
Project("{2150E333-8FDC-42A3-9474-1A3956D46DE8}") = "Api", "Api", "{CF62DA54-803A-4CF4-A272-846A495B9B94}"
EndProject
Project("{2150E333-8FDC-42A3-9474-1A3956D46DE8}") = "Infraestructure", "Infraestructure", "{4AF6F9CD-39A2-427A-B461-59C18EFB4261}"
EndProject
Project("{FAE04EC0-301F-11D3-BF4B-00C04F79EFBC}") = "Multitenant.Infraestructure", "Multitenant.Infraestructure\Multitenant.Infraestructure.csproj", "{16817CDA-636D-4808-A901-2449BAD988A9}"
EndProject
Global
	GlobalSection(SolutionConfigurationPlatforms) = preSolution
		Debug|Any CPU = Debug|Any CPU
		Release|Any CPU = Release|Any CPU
	EndGlobalSection
	GlobalSection(ProjectConfigurationPlatforms) = postSolution
		{81F4FD27-9E6D-4E5F-AF5A-A4919FDE6A69}.Debug|Any CPU.ActiveCfg = Debug|Any CPU
		{81F4FD27-9E6D-4E5F-AF5A-A4919FDE6A69}.Debug|Any CPU.Build.0 = Debug|Any CPU
		{81F4FD27-9E6D-4E5F-AF5A-A4919FDE6A69}.Release|Any CPU.ActiveCfg = Release|Any CPU
		{81F4FD27-9E6D-4E5F-AF5A-A4919FDE6A69}.Release|Any CPU.Build.0 = Release|Any CPU
		{5003B889-09C6-4975-8F6A-D134F16F4B5D}.Debug|Any CPU.ActiveCfg = Debug|Any CPU
		{5003B889-09C6-4975-8F6A-D134F16F4B5D}.Debug|Any CPU.Build.0 = Debug|Any CPU
		{5003B889-09C6-4975-8F6A-D134F16F4B5D}.Release|Any CPU.ActiveCfg = Release|Any CPU
		{5003B889-09C6-4975-8F6A-D134F16F4B5D}.Release|Any CPU.Build.0 = Release|Any CPU
		{88E87CDF-08D1-465C-82CE-76406CC79F51}.Debug|Any CPU.ActiveCfg = Debug|Any CPU
		{88E87CDF-08D1-465C-82CE-76406CC79F51}.Debug|Any CPU.Build.0 = Debug|Any CPU
		{88E87CDF-08D1-465C-82CE-76406CC79F51}.Release|Any CPU.ActiveCfg = Release|Any CPU
		{88E87CDF-08D1-465C-82CE-76406CC79F51}.Release|Any CPU.Build.0 = Release|Any CPU
		{16817CDA-636D-4808-A901-2449BAD988A9}.Debug|Any CPU.ActiveCfg = Debug|Any CPU
		{16817CDA-636D-4808-A901-2449BAD988A9}.Debug|Any CPU.Build.0 = Debug|Any CPU
		{16817CDA-636D-4808-A901-2449BAD988A9}.Release|Any CPU.ActiveCfg = Release|Any CPU
		{16817CDA-636D-4808-A901-2449BAD988A9}.Release|Any CPU.Build.0 = Release|Any CPU
	EndGlobalSection
	GlobalSection(NestedProjects) = preSolution
		{F23A46FE-F53D-4052-83C4-008EEC7FB766} = {A8B20B05-A581-46F6-8B29-B6D334EFE3CA}
		{88E87CDF-08D1-465C-82CE-76406CC79F51} = {F23A46FE-F53D-4052-83C4-008EEC7FB766}
		{5003B889-09C6-4975-8F6A-D134F16F4B5D} = {F23A46FE-F53D-4052-83C4-008EEC7FB766}
		{CF62DA54-803A-4CF4-A272-846A495B9B94} = {A8B20B05-A581-46F6-8B29-B6D334EFE3CA}
		{81F4FD27-9E6D-4E5F-AF5A-A4919FDE6A69} = {CF62DA54-803A-4CF4-A272-846A495B9B94}
		{4AF6F9CD-39A2-427A-B461-59C18EFB4261} = {A8B20B05-A581-46F6-8B29-B6D334EFE3CA}
		{16817CDA-636D-4808-A901-2449BAD988A9} = {4AF6F9CD-39A2-427A-B461-59C18EFB4261}
	EndGlobalSection
EndGlobal
